PODS:
  - Alamofire (4.2.0)
  - Himotoki (3.0.0)
  - Nimble (5.1.1)
  - Quick (1.0.0)
  - ReactiveCocoa (5.0.0-alpha.4):
    - ReactiveSwift (= 1.0.0-rc.1)
  - ReactiveSwift (1.0.0-rc.1):
    - Result (~> 3.1)
  - Result (3.1.0)
  - Swinject (2.0.0-beta.3)

DEPENDENCIES:
  - Alamofire (~> 4.0)
  - Himotoki (~> 3.0)
  - Nimble
  - Quick
  - ReactiveCocoa (from `https://github.com/ReactiveCocoa/ReactiveCocoa.git`, tag `5.0.0-alpha.4`)
  - Swinject (= 2.0.0-beta.3)

EXTERNAL SOURCES:
  ReactiveCocoa:
    :git: https://github.com/ReactiveCocoa/ReactiveCocoa.git
    :tag: 5.0.0-alpha.4

CHECKOUT OPTIONS:
  ReactiveCocoa:
    :git: https://github.com/ReactiveCocoa/ReactiveCocoa.git
    :tag: 5.0.0-alpha.4

SPEC CHECKSUMS:
  Alamofire: aa2e09d871c9160ac53c90e83c68064a94e3dfbe
  Himotoki: df74b01035e86e021b7b04a15b033a7fd189b84f
  Nimble: 415e3aa3267e7bc2c96b05fa814ddea7bb686a29
  Quick: 8024e4a47e6cc03a9d5245ef0948264fc6d27cff
  ReactiveCocoa: b48679daa6083240b454770196415438424fd1d7
  ReactiveSwift: 065349bbc45b827934681c99f9c96e767871cab6
  Result: 4e3ed5995ed94d0cd6a09be9a431fce3f3624bbf
  Swinject: a94dd23e05c7b557e53ee4e0f795f15cba19c7df

PODFILE CHECKSUM: c93a5e4e7e744b3d01a20a3762ec8f63a5038efc

COCOAPODS: 1.1.1
